
Microsoft Visual Studio Solution File, Format Version 12.00
# Visual Studio Version 17
VisualStudioVersion = 17.8.34525.116
MinimumVisualStudioVersion = 10.0.40219.1
Project("{8BC9CEB8-8B4A-11D0-8D11-00A0C91BC942}") = "hw2_combinatorics", "hw2_combinatorics.vcxproj", "{7304128C-9041-4DE8-B327-42DE9633726C}"
EndProject
Global
	GlobalSection(SolutionConfigurationPlatforms) = preSolution
		Debug|x64 = Debug|x64
		Debug|x86 = Debug|x86
		Release|x64 = Release|x64
		Release|x86 = Release|x86
	EndGlobalSection
	GlobalSection(ProjectConfigurationPlatforms) = postSolution
		{7304128C-9041-4DE8-B327-42DE9633726C}.Debug|x64.ActiveCfg = Debug|x64
		{7304128C-9041-4DE8-B327-42DE9633726C}.Debug|x64.Build.0 = Debug|x64
		{7304128C-9041-4DE8-B327-42DE9633726C}.Debug|x86.ActiveCfg = Debug|Win32
		{7304128C-9041-4DE8-B327-42DE9633726C}.Debug|x86.Build.0 = Debug|Win32
		{7304128C-9041-4DE8-B327-42DE9633726C}.Release|x64.ActiveCfg = Release|x64
		{7304128C-9041-4DE8-B327-42DE9633726C}.Release|x64.Build.0 = Release|x64
		{7304128C-9041-4DE8-B327-42DE9633726C}.Release|x86.ActiveCfg = Release|Win32
		{7304128C-9041-4DE8-B327-42DE9633726C}.Release|x86.Build.0 = Release|Win32
	EndGlobalSection
	GlobalSection(SolutionProperties) = preSolution
		HideSolutionNode = FALSE
	EndGlobalSection
	GlobalSection(ExtensibilityGlobals) = postSolution
		SolutionGuid = {A2B54F83-98DD-4456-AB67-5C210A2F3A73}
	EndGlobalSection
EndGlobal
